{
  "requires": true,
  "lockfileVersion": 1,
  "dependencies": {
    "count-words": {
      "version": "1.0.12",
      "resolved": "https://registry.npmjs.org/count-words/-/count-words-1.0.12.tgz",
      "integrity": "sha512-FB3U57eQVQR9bhCISXTS0UdOri/sfToW3tfibF7xSZUugybFBf4TrAmGjjCTXmLXPMaDws56EOSB4Kx1smwA6g==",
      "requires": {
        "set-or-get": "^1.2.0",
        "worder": "^1.0.0"
      }
    },
    "deffy": {
      "version": "2.2.3",
      "resolved": "https://registry.npmjs.org/deffy/-/deffy-2.2.3.tgz",
      "integrity": "sha512-c5JD8Z6V1aBWVzn1+aELL97R1pHCwEjXeU3hZXdigkZkxb9vhgFP162kAxGXl992TtAg0btwQyx7d54CqcQaXQ==",
      "requires": {
        "typpy": "^2.0.0"
      }
    },
    "function.name": {
      "version": "1.0.12",
      "resolved": "https://registry.npmjs.org/function.name/-/function.name-1.0.12.tgz",
      "integrity": "sha512-C7Tu+rAFrWW5RjXqtKtXp2xOdCujq+4i8ZH3w0uz/xrYHBwXZrPt96x8cDAEHrIjeyEv/Jm6iDGyqupbaVQTlw==",
      "requires": {
        "noop6": "^1.0.1"
      }
    },
    "noop6": {
      "version": "1.0.8",
      "resolved": "https://registry.npmjs.org/noop6/-/noop6-1.0.8.tgz",
      "integrity": "sha512-+Al5csMVc40I8xRfJsyBcN1IbpyvebOuQmMfxdw+AL6ECELey12ANgNTRhMfTwNIDU4W9W0g8EHLcsb3+3qPFA=="
    },
    "set-or-get": {
      "version": "1.2.9",
      "resolved": "https://registry.npmjs.org/set-or-get/-/set-or-get-1.2.9.tgz",
      "integrity": "sha512-G6xYWAJSs21OMBhVK/cLVi9c+jdvOoDNBxg9YBL/Y84Lyp7WVdfTWZDeflC+IQyY4IK/lijpKuiJdJySAQyXtA==",
      "requires": {
        "deffy": "^2.0.0"
      }
    },
    "typpy": {
      "version": "2.3.11",
      "resolved": "https://registry.npmjs.org/typpy/-/typpy-2.3.11.tgz",
      "integrity": "sha512-Jh/fykZSaxeKO0ceMAs6agki9T5TNA9kiIR6fzKbvafKpIw8UlNlHhzuqKyi5lfJJ5VojJOx9tooIbyy7vHV/g==",
      "requires": {
        "function.name": "^1.0.3"
      }
    },
    "worder": {
      "version": "1.1.0",
      "resolved": "https://registry.npmjs.org/worder/-/worder-1.1.0.tgz",
      "integrity": "sha512-sPICFk2lJ1CuJ2Q9Q79zP6ovNbLUKTpBj4RWKsqY90K08WJmq+/yIiukMxaPw4m128uWGGNcrFBn8AmzTfRTCw=="
    }
  }
}
